
Microsoft Visual Studio Solution File, Format Version 12.00
# Visual Studio Version 17
VisualStudioVersion = 17.7.34031.279
MinimumVisualStudioVersion = 10.0.40219.1
Project("{FAE04EC0-301F-11D3-BF4B-00C04F79EFBC}") = "Stripeproject", "Stripeproject.csproj", "{740D5D27-BFA5-4910-8E62-AAC9F680CF05}"
EndProject
Global
	GlobalSection(SolutionConfigurationPlatforms) = preSolution
		Debug|Any CPU = Debug|Any CPU
		Release|Any CPU = Release|Any CPU
	EndGlobalSection
	GlobalSection(ProjectConfigurationPlatforms) = postSolution
		{740D5D27-BFA5-4910-8E62-AAC9F680CF05}.Debug|Any CPU.ActiveCfg = Debug|Any CPU
		{740D5D27-BFA5-4910-8E62-AAC9F680CF05}.Debug|Any CPU.Build.0 = Debug|Any CPU
		{740D5D27-BFA5-4910-8E62-AAC9F680CF05}.Release|Any CPU.ActiveCfg = Release|Any CPU
		{740D5D27-BFA5-4910-8E62-AAC9F680CF05}.Release|Any CPU.Build.0 = Release|Any CPU
	EndGlobalSection
	GlobalSection(SolutionProperties) = preSolution
		HideSolutionNode = FALSE
	EndGlobalSection
	GlobalSection(ExtensibilityGlobals) = postSolution
		SolutionGuid = {5CA09FB7-002F-4997-9FCB-95022600682B}
	EndGlobalSection
EndGlobal
